PODS:
  - Action (5.0.0):
    - RxCocoa (~> 6.0)
    - RxSwift (~> 6.0)
  - Differentiator (5.0.0)
  - MBProgressHUD (1.2.0)
  - MJRefresh (3.7.6)
  - RxCocoa (6.6.0):
    - RxRelay (= 6.6.0)
    - RxSwift (= 6.6.0)
  - RxDataSources (5.0.0):
    - Differentiator (~> 5.0)
    - RxCocoa (~> 6.0)
    - RxSwift (~> 6.0)
  - RxGesture (4.0.4):
    - RxCocoa (~> 6.0)
    - RxSwift (~> 6.0)
  - RxRelay (6.6.0):
    - RxSwift (= 6.6.0)
  - RxSwift (6.6.0)
  - RxSwiftExt (6.2.1):
    - RxSwiftExt/Core (= 6.2.1)
    - RxSwiftExt/RxCocoa (= 6.2.1)
  - RxSwiftExt/Core (6.2.1):
    - RxSwift (~> 6.0)
  - RxSwiftExt/RxCocoa (6.2.1):
    - RxCocoa (~> 6.0)
    - RxSwiftExt/Core
  - SwifterSwift (6.0.0):
    - SwifterSwift/AppKit (= 6.0.0)
    - SwifterSwift/Combine (= 6.0.0)
    - SwifterSwift/CoreAnimation (= 6.0.0)
    - SwifterSwift/CoreGraphics (= 6.0.0)
    - SwifterSwift/CoreLocation (= 6.0.0)
    - SwifterSwift/CryptoKit (= 6.0.0)
    - SwifterSwift/Dispatch (= 6.0.0)
    - SwifterSwift/Foundation (= 6.0.0)
    - SwifterSwift/HealthKit (= 6.0.0)
    - SwifterSwift/MapKit (= 6.0.0)
    - SwifterSwift/SceneKit (= 6.0.0)
    - SwifterSwift/SpriteKit (= 6.0.0)
    - SwifterSwift/StoreKit (= 6.0.0)
    - SwifterSwift/SwiftStdlib (= 6.0.0)
    - SwifterSwift/UIKit (= 6.0.0)
    - SwifterSwift/WebKit (= 6.0.0)
  - SwifterSwift/AppKit (6.0.0)
  - SwifterSwift/Combine (6.0.0)
  - SwifterSwift/CoreAnimation (6.0.0)
  - SwifterSwift/CoreGraphics (6.0.0)
  - SwifterSwift/CoreLocation (6.0.0)
  - SwifterSwift/CryptoKit (6.0.0)
  - SwifterSwift/Dispatch (6.0.0)
  - SwifterSwift/Foundation (6.0.0)
  - SwifterSwift/HealthKit (6.0.0)
  - SwifterSwift/MapKit (6.0.0)
  - SwifterSwift/SceneKit (6.0.0)
  - SwifterSwift/SpriteKit (6.0.0)
  - SwifterSwift/StoreKit (6.0.0)
  - SwifterSwift/SwiftStdlib (6.0.0)
  - SwifterSwift/UIKit (6.0.0)
  - SwifterSwift/WebKit (6.0.0)
  - SwiftyJSON (5.0.1)

DEPENDENCIES:
  - Action
  - MBProgressHUD
  - MJRefresh
  - RxCocoa (~> 6.6.0)
  - RxDataSources (~> 5.0.0)
  - RxGesture (~> 4.0.4)
  - RxSwift (~> 6.6.0)
  - RxSwiftExt (~> 6.2.1)
  - SwifterSwift (~> 6.0.0)
  - SwiftyJSON (~> 5.0.1)

SPEC REPOS:
  trunk:
    - Action
    - Differentiator
    - MBProgressHUD
    - MJRefresh
    - RxCocoa
    - RxDataSources
    - RxGesture
    - RxRelay
    - RxSwift
    - RxSwiftExt
    - SwifterSwift
    - SwiftyJSON

SPEC CHECKSUMS:
  Action: 47f1825511907b4fcd79dd7a7db9526c20f78018
  Differentiator: e8497ceab83c1b10ca233716d547b9af21b9344d
  MBProgressHUD: 3ee5efcc380f6a79a7cc9b363dd669c5e1ae7406
  MJRefresh: 2fe7fb43a5167ceda20bb7e63f130c04fd1814a5
  RxCocoa: 44a80de90e25b739b5aeaae3c8c371a32e3343cc
  RxDataSources: aa47cc1ed6c500fa0dfecac5c979b723542d79cf
  RxGesture: f3efb47ed2d26a8082f7b660d4a59970e275a7f8
  RxRelay: 45eaa5db8ee4fb50e5ebd57deec0159e97fa51e6
  RxSwift: a4b44f7d24599f674deebd1818eab82e58410632
  RxSwiftExt: 43aaacb6a4d3c69c55e9d1cf4f79920043d13583
  SwifterSwift: 66843dc594f8fb890f5543c22545921d44acc004
  SwiftyJSON: 2f33a42c6fbc52764d96f13368585094bfd8aa5e

PODFILE CHECKSUM: 446dacb9023da4eadd9cccde8e01316e9f39e724

COCOAPODS: 1.14.2
