// !$*UTF8*$!
{
	archiveVersion = 1;
	classes = {
	};
	objectVersion = 46;
	objects = {

/* Begin PBXBuildFile section */
		18EDA845224082EE000EAAB9 /* LaunchScreen.storyboard in Resources */ = {isa = PBXBuildFile; fileRef = 18EDA844224082EE000EAAB9 /* LaunchScreen.storyboard */; };
		2291C10F1CB45941004C2204 /* AppDelegate.swift in Sources */ = {isa = PBXBuildFile; fileRef = 2291C10E1CB45941004C2204 /* AppDelegate.swift */; };
		2291C1141CB45941004C2204 /* Main.storyboard in Resources */ = {isa = PBXBuildFile; fileRef = 2291C1121CB45941004C2204 /* Main.storyboard */; };
		2291C1161CB45941004C2204 /* Assets.xcassets in Resources */ = {isa = PBXBuildFile; fileRef = 2291C1151CB45941004C2204 /* Assets.xcassets */; };
		2291C12F1CB4597D004C2204 /* ContactsTableViewController.swift in Sources */ = {isa = PBXBuildFile; fileRef = 2291C12E1CB4597D004C2204 /* ContactsTableViewController.swift */; };
		2291C1311CB4598D004C2204 /* DetailViewController.swift in Sources */ = {isa = PBXBuildFile; fileRef = 2291C1301CB4598D004C2204 /* DetailViewController.swift */; };
		2291C1331CB45BCC004C2204 /* Contact.swift in Sources */ = {isa = PBXBuildFile; fileRef = 2291C1321CB45BCC004C2204 /* Contact.swift */; };
		2291C1351CB45BD8004C2204 /* Number.swift in Sources */ = {isa = PBXBuildFile; fileRef = 2291C1341CB45BD8004C2204 /* Number.swift */; };
		2291C1371CB45BE4004C2204 /* Database.swift in Sources */ = {isa = PBXBuildFile; fileRef = 2291C1361CB45BE4004C2204 /* Database.swift */; };
		2291C13B1CB461DE004C2204 /* ContactTableViewCell.swift in Sources */ = {isa = PBXBuildFile; fileRef = 2291C13A1CB461DE004C2204 /* ContactTableViewCell.swift */; };
		22EDE7591CB5171100ADAB8E /* NewContactViewController.swift in Sources */ = {isa = PBXBuildFile; fileRef = 22EDE7581CB5171100ADAB8E /* NewContactViewController.swift */; };
/* End PBXBuildFile section */

/* Begin PBXFileReference section */
		18EDA844224082EE000EAAB9 /* LaunchScreen.storyboard */ = {isa = PBXFileReference; fileEncoding = 4; lastKnownFileType = file.storyboard; path = LaunchScreen.storyboard; sourceTree = "<group>"; };
		2291C10B1CB45941004C2204 /* ContactBook.app */ = {isa = PBXFileReference; explicitFileType = wrapper.application; includeInIndex = 0; path = ContactBook.app; sourceTree = BUILT_PRODUCTS_DIR; };
		2291C10E1CB45941004C2204 /* AppDelegate.swift */ = {isa = PBXFileReference; lastKnownFileType = sourcecode.swift; path = AppDelegate.swift; sourceTree = "<group>"; };
		2291C1131CB45941004C2204 /* Base */ = {isa = PBXFileReference; lastKnownFileType = file.storyboard; name = Base; path = Base.lproj/Main.storyboard; sourceTree = "<group>"; };
		2291C1151CB45941004C2204 /* Assets.xcassets */ = {isa = PBXFileReference; lastKnownFileType = folder.assetcatalog; path = Assets.xcassets; sourceTree = "<group>"; };
		2291C11A1CB45941004C2204 /* Info.plist */ = {isa = PBXFileReference; lastKnownFileType = text.plist.xml; path = Info.plist; sourceTree = "<group>"; };
		2291C12E1CB4597D004C2204 /* ContactsTableViewController.swift */ = {isa = PBXFileReference; fileEncoding = 4; lastKnownFileType = sourcecode.swift; path = ContactsTableViewController.swift; sourceTree = "<group>"; };
		2291C1301CB4598D004C2204 /* DetailViewController.swift */ = {isa = PBXFileReference; fileEncoding = 4; lastKnownFileType = sourcecode.swift; path = DetailViewController.swift; sourceTree = "<group>"; };
		2291C1321CB45BCC004C2204 /* Contact.swift */ = {isa = PBXFileReference; fileEncoding = 4; lastKnownFileType = sourcecode.swift; path = Contact.swift; sourceTree = "<group>"; };
		2291C1341CB45BD8004C2204 /* Number.swift */ = {isa = PBXFileReference; fileEncoding = 4; lastKnownFileType = sourcecode.swift; path = Number.swift; sourceTree = "<group>"; };
		2291C1361CB45BE4004C2204 /* Database.swift */ = {isa = PBXFileReference; fileEncoding = 4; lastKnownFileType = sourcecode.swift; path = Database.swift; sourceTree = "<group>"; };
		2291C13A1CB461DE004C2204 /* ContactTableViewCell.swift */ = {isa = PBXFileReference; fileEncoding = 4; lastKnownFileType = sourcecode.swift; path = ContactTableViewCell.swift; sourceTree = "<group>"; };
		22EDE7581CB5171100ADAB8E /* NewContactViewController.swift */ = {isa = PBXFileReference; fileEncoding = 4; lastKnownFileType = sourcecode.swift; path = NewContactViewController.swift; sourceTree = "<group>"; };
/* End PBXFileReference section */

/* Begin PBXFrameworksBuildPhase section */
		2291C1081CB45941004C2204 /* Frameworks */ = {
			isa = PBXFrameworksBuildPhase;
			buildActionMask = 2147483647;
			files = (
			);
			runOnlyForDeploymentPostprocessing = 0;
		};
/* End PBXFrameworksBuildPhase section */

/* Begin PBXGroup section */
		2291C1021CB45941004C2204 = {
			isa = PBXGroup;
			children = (
				2291C10D1CB45941004C2204 /* Contacts */,
				2291C10C1CB45941004C2204 /* Products */,
			);
			sourceTree = "<group>";
		};
		2291C10C1CB45941004C2204 /* Products */ = {
			isa = PBXGroup;
			children = (
				2291C10B1CB45941004C2204 /* ContactBook.app */,
			);
			name = Products;
			sourceTree = "<group>";
		};
		2291C10D1CB45941004C2204 /* Contacts */ = {
			isa = PBXGroup;
			children = (
				2291C10E1CB45941004C2204 /* AppDelegate.swift */,
				2291C12E1CB4597D004C2204 /* ContactsTableViewController.swift */,
				2291C13A1CB461DE004C2204 /* ContactTableViewCell.swift */,
				2291C1301CB4598D004C2204 /* DetailViewController.swift */,
				22EDE7581CB5171100ADAB8E /* NewContactViewController.swift */,
				2291C1321CB45BCC004C2204 /* Contact.swift */,
				2291C1341CB45BD8004C2204 /* Number.swift */,
				2291C1361CB45BE4004C2204 /* Database.swift */,
				2291C1121CB45941004C2204 /* Main.storyboard */,
				2291C1151CB45941004C2204 /* Assets.xcassets */,
				18EDA844224082EE000EAAB9 /* LaunchScreen.storyboard */,
				2291C11A1CB45941004C2204 /* Info.plist */,
			);
			path = Contacts;
			sourceTree = "<group>";
		};
/* End PBXGroup section */

/* Begin PBXNativeTarget section */
		2291C10A1CB45941004C2204 /* ContactBook */ = {
			isa = PBXNativeTarget;
			buildConfigurationList = 2291C1281CB45941004C2204 /* Build configuration list for PBXNativeTarget "ContactBook" */;
			buildPhases = (
				2291C1071CB45941004C2204 /* Sources */,
				2291C1081CB45941004C2204 /* Frameworks */,
				2291C1091CB45941004C2204 /* Resources */,
			);
			buildRules = (
			);
			dependencies = (
			);
			name = ContactBook;
			productName = Contacts;
			productReference = 2291C10B1CB45941004C2204 /* ContactBook.app */;
			productType = "com.apple.product-type.application";
		};
/* End PBXNativeTarget section */

/* Begin PBXProject section */
		2291C1031CB45941004C2204 /* Project object */ = {
			isa = PBXProject;
			attributes = {
				LastSwiftUpdateCheck = 0730;
				LastUpgradeCheck = 1010;
				ORGANIZATIONNAME = "Ray Wenderlich";
				TargetAttributes = {
					2291C10A1CB45941004C2204 = {
						CreatedOnToolsVersion = 7.3;
						DevelopmentTeam = A8F7U6DN75;
						LastSwiftMigration = 1010;
					};
				};
			};
			buildConfigurationList = 2291C1061CB45941004C2204 /* Build configuration list for PBXProject "ContactBook" */;
			compatibilityVersion = "Xcode 3.2";
			developmentRegion = English;
			hasScannedForEncodings = 0;
			knownRegions = (
				English,
				en,
				Base,
			);
			mainGroup = 2291C1021CB45941004C2204;
			productRefGroup = 2291C10C1CB45941004C2204 /* Products */;
			projectDirPath = "";
			projectRoot = "";
			targets = (
				2291C10A1CB45941004C2204 /* ContactBook */,
			);
		};
/* End PBXProject section */

/* Begin PBXResourcesBuildPhase section */
		2291C1091CB45941004C2204 /* Resources */ = {
			isa = PBXResourcesBuildPhase;
			buildActionMask = 2147483647;
			files = (
				18EDA845224082EE000EAAB9 /* LaunchScreen.storyboard in Resources */,
				2291C1161CB45941004C2204 /* Assets.xcassets in Resources */,
				2291C1141CB45941004C2204 /* Main.storyboard in Resources */,
			);
			runOnlyForDeploymentPostprocessing = 0;
		};
/* End PBXResourcesBuildPhase section */

/* Begin PBXSourcesBuildPhase section */
		2291C1071CB45941004C2204 /* Sources */ = {
			isa = PBXSourcesBuildPhase;
			buildActionMask = 2147483647;
			files = (
				2291C1371CB45BE4004C2204 /* Database.swift in Sources */,
				2291C1351CB45BD8004C2204 /* Number.swift in Sources */,
				2291C1331CB45BCC004C2204 /* Contact.swift in Sources */,
				2291C1311CB4598D004C2204 /* DetailViewController.swift in Sources */,
				2291C13B1CB461DE004C2204 /* ContactTableViewCell.swift in Sources */,
				2291C12F1CB4597D004C2204 /* ContactsTableViewController.swift in Sources */,
				22EDE7591CB5171100ADAB8E /* NewContactViewController.swift in Sources */,
				2291C10F1CB45941004C2204 /* AppDelegate.swift in Sources */,
			);
			runOnlyForDeploymentPostprocessing = 0;
		};
/* End PBXSourcesBuildPhase section */

/* Begin PBXVariantGroup section */
		2291C1121CB45941004C2204 /* Main.storyboard */ = {
			isa = PBXVariantGroup;
			children = (
				2291C1131CB45941004C2204 /* Base */,
			);
			name = Main.storyboard;
			sourceTree = "<group>";
		};
/* End PBXVariantGroup section */

/* Begin XCBuildConfiguration section */
		2291C1261CB45941004C2204 /* Debug */ = {
			isa = XCBuildConfiguration;
			buildSettings = {
				ALWAYS_SEARCH_USER_PATHS = NO;
				CLANG_ANALYZER_NONNULL = YES;
				CLANG_CXX_LANGUAGE_STANDARD = "gnu++0x";
				CLANG_CXX_LIBRARY = "libc++";
				CLANG_ENABLE_MODULES = YES;
				CLANG_ENABLE_OBJC_ARC = YES;
				CLANG_WARN_BLOCK_CAPTURE_AUTORELEASING = YES;
				CLANG_WARN_BOOL_CONVERSION = YES;
				CLANG_WARN_COMMA = YES;
				CLANG_WARN_CONSTANT_CONVERSION = YES;
				CLANG_WARN_DEPRECATED_OBJC_IMPLEMENTATIONS = YES;
				CLANG_WARN_DIRECT_OBJC_ISA_USAGE = YES_ERROR;
				CLANG_WARN_EMPTY_BODY = YES;
				CLANG_WARN_ENUM_CONVERSION = YES;
				CLANG_WARN_INFINITE_RECURSION = YES;
				CLANG_WARN_INT_CONVERSION = YES;
				CLANG_WARN_NON_LITERAL_NULL_CONVERSION = YES;
				CLANG_WARN_OBJC_IMPLICIT_RETAIN_SELF = YES;
				CLANG_WARN_OBJC_LITERAL_CONVERSION = YES;
				CLANG_WARN_OBJC_ROOT_CLASS = YES_ERROR;
				CLANG_WARN_RANGE_LOOP_ANALYSIS = YES;
				CLANG_WARN_STRICT_PROTOTYPES = YES;
				CLANG_WARN_SUSPICIOUS_MOVE = YES;
				CLANG_WARN_UNREACHABLE_CODE = YES;
				CLANG_WARN__DUPLICATE_METHOD_MATCH = YES;
				"CODE_SIGN_IDENTITY[sdk=iphoneos*]" = "iPhone Developer";
				COPY_PHASE_STRIP = NO;
				DEBUG_INFORMATION_FORMAT = dwarf;
				ENABLE_STRICT_OBJC_MSGSEND = YES;
				ENABLE_TESTABILITY = YES;
				GCC_C_LANGUAGE_STANDARD = gnu99;
				GCC_DYNAMIC_NO_PIC = NO;
				GCC_NO_COMMON_BLOCKS = YES;
				GCC_OPTIMIZATION_LEVEL = 0;
				GCC_PREPROCESSOR_DEFINITIONS = (
					"DEBUG=1",
					"$(inherited)",
				);
				GCC_WARN_64_TO_32_BIT_CONVERSION = YES;
				GCC_WARN_ABOUT_RETURN_TYPE = YES_ERROR;
				GCC_WARN_UNDECLARED_SELECTOR = YES;
				GCC_WARN_UNINITIALIZED_AUTOS = YES_AGGRESSIVE;
				GCC_WARN_UNUSED_FUNCTION = YES;
				GCC_WARN_UNUSED_VARIABLE = YES;
				IPHONEOS_DEPLOYMENT_TARGET = 9.3;
				MTL_ENABLE_DEBUG_INFO = YES;
				ONLY_ACTIVE_ARCH = YES;
				SDKROOT = iphoneos;
				SWIFT_OPTIMIZATION_LEVEL = "-Onone";
				SWIFT_SWIFT3_OBJC_INFERENCE = Off;
			};
			name = Debug;
		};
		2291C1271CB45941004C2204 /* Release */ = {
			isa = XCBuildConfiguration;
			buildSettings = {
				ALWAYS_SEARCH_USER_PATHS = NO;
				CLANG_ANALYZER_NONNULL = YES;
				CLANG_CXX_LANGUAGE_STANDARD = "gnu++0x";
				CLANG_CXX_LIBRARY = "libc++";
				CLANG_ENABLE_MODULES = YES;
				CLANG_ENABLE_OBJC_ARC = YES;
				CLANG_WARN_BLOCK_CAPTURE_AUTORELEASING = YES;
				CLANG_WARN_BOOL_CONVERSION = YES;
				CLANG_WARN_COMMA = YES;
				CLANG_WARN_CONSTANT_CONVERSION = YES;
				CLANG_WARN_DEPRECATED_OBJC_IMPLEMENTATIONS = YES;
				CLANG_WARN_DIRECT_OBJC_ISA_USAGE = YES_ERROR;
				CLANG_WARN_EMPTY_BODY = YES;
				CLANG_WARN_ENUM_CONVERSION = YES;
				CLANG_WARN_INFINITE_RECURSION = YES;
				CLANG_WARN_INT_CONVERSION = YES;
				CLANG_WARN_NON_LITERAL_NULL_CONVERSION = YES;
				CLANG_WARN_OBJC_IMPLICIT_RETAIN_SELF = YES;
				CLANG_WARN_OBJC_LITERAL_CONVERSION = YES;
				CLANG_WARN_OBJC_ROOT_CLASS = YES_ERROR;
				CLANG_WARN_RANGE_LOOP_ANALYSIS = YES;
				CLANG_WARN_STRICT_PROTOTYPES = YES;
				CLANG_WARN_SUSPICIOUS_MOVE = YES;
				CLANG_WARN_UNREACHABLE_CODE = YES;
				CLANG_WARN__DUPLICATE_METHOD_MATCH = YES;
				"CODE_SIGN_IDENTITY[sdk=iphoneos*]" = "iPhone Developer";
				COPY_PHASE_STRIP = NO;
				DEBUG_INFORMATION_FORMAT = "dwarf-with-dsym";
				ENABLE_NS_ASSERTIONS = NO;
				ENABLE_STRICT_OBJC_MSGSEND = YES;
				GCC_C_LANGUAGE_STANDARD = gnu99;
				GCC_NO_COMMON_BLOCKS = YES;
				GCC_WARN_64_TO_32_BIT_CONVERSION = YES;
				GCC_WARN_ABOUT_RETURN_TYPE = YES_ERROR;
				GCC_WARN_UNDECLARED_SELECTOR = YES;
				GCC_WARN_UNINITIALIZED_AUTOS = YES_AGGRESSIVE;
				GCC_WARN_UNUSED_FUNCTION = YES;
				GCC_WARN_UNUSED_VARIABLE = YES;
				IPHONEOS_DEPLOYMENT_TARGET = 9.3;
				MTL_ENABLE_DEBUG_INFO = NO;
				SDKROOT = iphoneos;
				SWIFT_SWIFT3_OBJC_INFERENCE = Off;
				VALIDATE_PRODUCT = YES;
			};
			name = Release;
		};
		2291C1291CB45941004C2204 /* Debug */ = {
			isa = XCBuildConfiguration;
			buildSettings = {
				ASSETCATALOG_COMPILER_APPICON_NAME = AppIcon;
				DEVELOPMENT_TEAM = A8F7U6DN75;
				INFOPLIST_FILE = Contacts/Info.plist;
				LD_RUNPATH_SEARCH_PATHS = "$(inherited) @executable_path/Frameworks";
				PRODUCT_BUNDLE_IDENTIFIER = com.razeware.ContactBook;
				PRODUCT_NAME = ContactBook;
				SWIFT_SWIFT3_OBJC_INFERENCE = Off;
				SWIFT_VERSION = 4.2;
			};
			name = Debug;
		};
		2291C12A1CB45941004C2204 /* Release */ = {
			isa = XCBuildConfiguration;
			buildSettings = {
				ASSETCATALOG_COMPILER_APPICON_NAME = AppIcon;
				DEVELOPMENT_TEAM = A8F7U6DN75;
				INFOPLIST_FILE = Contacts/Info.plist;
				LD_RUNPATH_SEARCH_PATHS = "$(inherited) @executable_path/Frameworks";
				PRODUCT_BUNDLE_IDENTIFIER = com.razeware.ContactBook;
				PRODUCT_NAME = ContactBook;
				SWIFT_OPTIMIZATION_LEVEL = "-Owholemodule";
				SWIFT_SWIFT3_OBJC_INFERENCE = Off;
				SWIFT_VERSION = 4.2;
			};
			name = Release;
		};
/* End XCBuildConfiguration section */

/* Begin XCConfigurationList section */
		2291C1061CB45941004C2204 /* Build configuration list for PBXProject "ContactBook" */ = {
			isa = XCConfigurationList;
			buildConfigurations = (
				2291C1261CB45941004C2204 /* Debug */,
				2291C1271CB45941004C2204 /* Release */,
			);
			defaultConfigurationIsVisible = 0;
			defaultConfigurationName = Release;
		};
		2291C1281CB45941004C2204 /* Build configuration list for PBXNativeTarget "ContactBook" */ = {
			isa = XCConfigurationList;
			buildConfigurations = (
				2291C1291CB45941004C2204 /* Debug */,
				2291C12A1CB45941004C2204 /* Release */,
			);
			defaultConfigurationIsVisible = 0;
			defaultConfigurationName = Release;
		};
/* End XCConfigurationList section */
	};
	rootObject = 2291C1031CB45941004C2204 /* Project object */;
}
