PODS:
  - Action (4.2.0):
    - RxCocoa (< 7.0, >= 5.0)
    - RxSwift (< 7.0, >= 5.0)
  - Differentiator (4.0.1)
  - "NSObject+Rx (5.1.0)":
    - RxSwift (~> 5.1)
  - Realm (5.5.1):
    - Realm/Headers (= 5.5.1)
  - Realm/Headers (5.5.1)
  - RealmSwift (5.5.1):
    - Realm (= 5.5.1)
  - RxCocoa (5.1.1):
    - RxRelay (~> 5)
    - RxSwift (~> 5)
  - RxDataSources (4.0.1):
    - Differentiator (~> 4.0)
    - RxCocoa (~> 5.0)
    - RxSwift (~> 5.0)
  - RxRealm (3.1.0):
    - RealmSwift (~> 5.2)
    - RxSwift (~> 5.0)
  - RxRelay (5.1.3):
    - RxSwift (~> 5)
  - RxSwift (5.1.1)

DEPENDENCIES:
  - Action (~> 4.0)
  - "NSObject+Rx (~> 5.1)"
  - RealmSwift (~> 5.0)
  - RxCocoa (= 5.1.1)
  - RxDataSources (~> 4.0)
  - RxRealm (~> 3.0)
  - RxSwift (= 5.1.1)

SPEC REPOS:
  trunk:
    - Action
    - Differentiator
    - "NSObject+Rx"
    - Realm
    - RealmSwift
    - RxCocoa
    - RxDataSources
    - RxRealm
    - RxRelay
    - RxSwift

SPEC CHECKSUMS:
  Action: 5dc2194f7a0b77857c82a677b0da655f197c005f
  Differentiator: 886080237d9f87f322641dedbc5be257061b0602
  "NSObject+Rx": fa6bbcc1ab1faa06b01466bc09b1e0692bbc5946
  Realm: c2ffe0667f9c98c9ba65f608ba85684d39826145
  RealmSwift: 5a35c1c35c3e1925e6fcd092c881d5cc4a826bff
  RxCocoa: 32065309a38d29b5b0db858819b5bf9ef038b601
  RxDataSources: efee07fa4de48477eca0a4611e6d11e2da9c1114
  RxRealm: 50e5fe5c1f22518205afbb313fbc5580d73bc586
  RxRelay: 5a18c2eb2d68326ebaf0112f80d837ae41b92b97
  RxSwift: 81470a2074fa8780320ea5fe4102807cb7118178

PODFILE CHECKSUM: bd68740ecd28b8185f72341e798a64c037f54044

COCOAPODS: 1.11.3
