// !$*UTF8*$!
{
	archiveVersion = 1;
	classes = {
	};
	objectVersion = 55;
	objects = {

/* Begin PBXBuildFile section */
		224F33DE279E3EDA00E8E9CC /* AppDelegate.swift in Sources */ = {isa = PBXBuildFile; fileRef = 224F33DD279E3EDA00E8E9CC /* AppDelegate.swift */; };
		224F33E0279E3EDA00E8E9CC /* SceneDelegate.swift in Sources */ = {isa = PBXBuildFile; fileRef = 224F33DF279E3EDA00E8E9CC /* SceneDelegate.swift */; };
		224F33E2279E3EDA00E8E9CC /* ViewController.swift in Sources */ = {isa = PBXBuildFile; fileRef = 224F33E1279E3EDA00E8E9CC /* ViewController.swift */; };
		224F33E5279E3EDA00E8E9CC /* Main.storyboard in Resources */ = {isa = PBXBuildFile; fileRef = 224F33E3279E3EDA00E8E9CC /* Main.storyboard */; };
		224F33E7279E3EDC00E8E9CC /* Assets.xcassets in Resources */ = {isa = PBXBuildFile; fileRef = 224F33E6279E3EDC00E8E9CC /* Assets.xcassets */; };
		224F33EA279E3EDC00E8E9CC /* LaunchScreen.storyboard in Resources */ = {isa = PBXBuildFile; fileRef = 224F33E8279E3EDC00E8E9CC /* LaunchScreen.storyboard */; };
		224F33F3279E407A00E8E9CC /* CustomCell.swift in Sources */ = {isa = PBXBuildFile; fileRef = 224F33F1279E407A00E8E9CC /* CustomCell.swift */; };
		224F33F4279E407A00E8E9CC /* CustomCell.xib in Resources */ = {isa = PBXBuildFile; fileRef = 224F33F2279E407A00E8E9CC /* CustomCell.xib */; };
		224F33F6279E412100E8E9CC /* Model.swift in Sources */ = {isa = PBXBuildFile; fileRef = 224F33F5279E412100E8E9CC /* Model.swift */; };
		224F33F8279E413400E8E9CC /* ViewModel.swift in Sources */ = {isa = PBXBuildFile; fileRef = 224F33F7279E413400E8E9CC /* ViewModel.swift */; };
/* End PBXBuildFile section */

/* Begin PBXFileReference section */
		224F33DA279E3EDA00E8E9CC /* TableViewWithMultipleSelection.app */ = {isa = PBXFileReference; explicitFileType = wrapper.application; includeInIndex = 0; path = TableViewWithMultipleSelection.app; sourceTree = BUILT_PRODUCTS_DIR; };
		224F33DD279E3EDA00E8E9CC /* AppDelegate.swift */ = {isa = PBXFileReference; lastKnownFileType = sourcecode.swift; path = AppDelegate.swift; sourceTree = "<group>"; };
		224F33DF279E3EDA00E8E9CC /* SceneDelegate.swift */ = {isa = PBXFileReference; lastKnownFileType = sourcecode.swift; path = SceneDelegate.swift; sourceTree = "<group>"; };
		224F33E1279E3EDA00E8E9CC /* ViewController.swift */ = {isa = PBXFileReference; lastKnownFileType = sourcecode.swift; path = ViewController.swift; sourceTree = "<group>"; };
		224F33E4279E3EDA00E8E9CC /* Base */ = {isa = PBXFileReference; lastKnownFileType = file.storyboard; name = Base; path = Base.lproj/Main.storyboard; sourceTree = "<group>"; };
		224F33E6279E3EDC00E8E9CC /* Assets.xcassets */ = {isa = PBXFileReference; lastKnownFileType = folder.assetcatalog; path = Assets.xcassets; sourceTree = "<group>"; };
		224F33E9279E3EDC00E8E9CC /* Base */ = {isa = PBXFileReference; lastKnownFileType = file.storyboard; name = Base; path = Base.lproj/LaunchScreen.storyboard; sourceTree = "<group>"; };
		224F33EB279E3EDC00E8E9CC /* Info.plist */ = {isa = PBXFileReference; lastKnownFileType = text.plist.xml; path = Info.plist; sourceTree = "<group>"; };
		224F33F1279E407A00E8E9CC /* CustomCell.swift */ = {isa = PBXFileReference; lastKnownFileType = sourcecode.swift; path = CustomCell.swift; sourceTree = "<group>"; };
		224F33F2279E407A00E8E9CC /* CustomCell.xib */ = {isa = PBXFileReference; lastKnownFileType = file.xib; path = CustomCell.xib; sourceTree = "<group>"; };
		224F33F5279E412100E8E9CC /* Model.swift */ = {isa = PBXFileReference; lastKnownFileType = sourcecode.swift; path = Model.swift; sourceTree = "<group>"; };
		224F33F7279E413400E8E9CC /* ViewModel.swift */ = {isa = PBXFileReference; lastKnownFileType = sourcecode.swift; path = ViewModel.swift; sourceTree = "<group>"; };
/* End PBXFileReference section */

/* Begin PBXFrameworksBuildPhase section */
		224F33D7279E3EDA00E8E9CC /* Frameworks */ = {
			isa = PBXFrameworksBuildPhase;
			buildActionMask = 2147483647;
			files = (
			);
			runOnlyForDeploymentPostprocessing = 0;
		};
/* End PBXFrameworksBuildPhase section */

/* Begin PBXGroup section */
		224F33D1279E3EDA00E8E9CC = {
			isa = PBXGroup;
			children = (
				224F33DC279E3EDA00E8E9CC /* TableViewWithMultipleSelection */,
				224F33DB279E3EDA00E8E9CC /* Products */,
			);
			sourceTree = "<group>";
		};
		224F33DB279E3EDA00E8E9CC /* Products */ = {
			isa = PBXGroup;
			children = (
				224F33DA279E3EDA00E8E9CC /* TableViewWithMultipleSelection.app */,
			);
			name = Products;
			sourceTree = "<group>";
		};
		224F33DC279E3EDA00E8E9CC /* TableViewWithMultipleSelection */ = {
			isa = PBXGroup;
			children = (
				224F33DD279E3EDA00E8E9CC /* AppDelegate.swift */,
				224F33DF279E3EDA00E8E9CC /* SceneDelegate.swift */,
				224F33E1279E3EDA00E8E9CC /* ViewController.swift */,
				224F33E3279E3EDA00E8E9CC /* Main.storyboard */,
				224F33E6279E3EDC00E8E9CC /* Assets.xcassets */,
				224F33E8279E3EDC00E8E9CC /* LaunchScreen.storyboard */,
				224F33EB279E3EDC00E8E9CC /* Info.plist */,
				224F33F1279E407A00E8E9CC /* CustomCell.swift */,
				224F33F2279E407A00E8E9CC /* CustomCell.xib */,
				224F33F5279E412100E8E9CC /* Model.swift */,
				224F33F7279E413400E8E9CC /* ViewModel.swift */,
			);
			path = TableViewWithMultipleSelection;
			sourceTree = "<group>";
		};
/* End PBXGroup section */

/* Begin PBXNativeTarget section */
		224F33D9279E3EDA00E8E9CC /* TableViewWithMultipleSelection */ = {
			isa = PBXNativeTarget;
			buildConfigurationList = 224F33EE279E3EDC00E8E9CC /* Build configuration list for PBXNativeTarget "TableViewWithMultipleSelection" */;
			buildPhases = (
				224F33D6279E3EDA00E8E9CC /* Sources */,
				224F33D7279E3EDA00E8E9CC /* Frameworks */,
				224F33D8279E3EDA00E8E9CC /* Resources */,
			);
			buildRules = (
			);
			dependencies = (
			);
			name = TableViewWithMultipleSelection;
			productName = TableViewWithMultipleSelection;
			productReference = 224F33DA279E3EDA00E8E9CC /* TableViewWithMultipleSelection.app */;
			productType = "com.apple.product-type.application";
		};
/* End PBXNativeTarget section */

/* Begin PBXProject section */
		224F33D2279E3EDA00E8E9CC /* Project object */ = {
			isa = PBXProject;
			attributes = {
				BuildIndependentTargetsInParallel = 1;
				LastSwiftUpdateCheck = 1320;
				LastUpgradeCheck = 1320;
				TargetAttributes = {
					224F33D9279E3EDA00E8E9CC = {
						CreatedOnToolsVersion = 13.2.1;
					};
				};
			};
			buildConfigurationList = 224F33D5279E3EDA00E8E9CC /* Build configuration list for PBXProject "TableViewWithMultipleSelection" */;
			compatibilityVersion = "Xcode 13.0";
			developmentRegion = en;
			hasScannedForEncodings = 0;
			knownRegions = (
				en,
				Base,
			);
			mainGroup = 224F33D1279E3EDA00E8E9CC;
			productRefGroup = 224F33DB279E3EDA00E8E9CC /* Products */;
			projectDirPath = "";
			projectRoot = "";
			targets = (
				224F33D9279E3EDA00E8E9CC /* TableViewWithMultipleSelection */,
			);
		};
/* End PBXProject section */

/* Begin PBXResourcesBuildPhase section */
		224F33D8279E3EDA00E8E9CC /* Resources */ = {
			isa = PBXResourcesBuildPhase;
			buildActionMask = 2147483647;
			files = (
				224F33EA279E3EDC00E8E9CC /* LaunchScreen.storyboard in Resources */,
				224F33E7279E3EDC00E8E9CC /* Assets.xcassets in Resources */,
				224F33F4279E407A00E8E9CC /* CustomCell.xib in Resources */,
				224F33E5279E3EDA00E8E9CC /* Main.storyboard in Resources */,
			);
			runOnlyForDeploymentPostprocessing = 0;
		};
/* End PBXResourcesBuildPhase section */

/* Begin PBXSourcesBuildPhase section */
		224F33D6279E3EDA00E8E9CC /* Sources */ = {
			isa = PBXSourcesBuildPhase;
			buildActionMask = 2147483647;
			files = (
				224F33F6279E412100E8E9CC /* Model.swift in Sources */,
				224F33E2279E3EDA00E8E9CC /* ViewController.swift in Sources */,
				224F33DE279E3EDA00E8E9CC /* AppDelegate.swift in Sources */,
				224F33F3279E407A00E8E9CC /* CustomCell.swift in Sources */,
				224F33F8279E413400E8E9CC /* ViewModel.swift in Sources */,
				224F33E0279E3EDA00E8E9CC /* SceneDelegate.swift in Sources */,
			);
			runOnlyForDeploymentPostprocessing = 0;
		};
/* End PBXSourcesBuildPhase section */

/* Begin PBXVariantGroup section */
		224F33E3279E3EDA00E8E9CC /* Main.storyboard */ = {
			isa = PBXVariantGroup;
			children = (
				224F33E4279E3EDA00E8E9CC /* Base */,
			);
			name = Main.storyboard;
			sourceTree = "<group>";
		};
		224F33E8279E3EDC00E8E9CC /* LaunchScreen.storyboard */ = {
			isa = PBXVariantGroup;
			children = (
				224F33E9279E3EDC00E8E9CC /* Base */,
			);
			name = LaunchScreen.storyboard;
			sourceTree = "<group>";
		};
/* End PBXVariantGroup section */

/* Begin XCBuildConfiguration section */
		224F33EC279E3EDC00E8E9CC /* Debug */ = {
			isa = XCBuildConfiguration;
			buildSettings = {
				ALWAYS_SEARCH_USER_PATHS = NO;
				CLANG_ANALYZER_NONNULL = YES;
				CLANG_ANALYZER_NUMBER_OBJECT_CONVERSION = YES_AGGRESSIVE;
				CLANG_CXX_LANGUAGE_STANDARD = "gnu++17";
				CLANG_CXX_LIBRARY = "libc++";
				CLANG_ENABLE_MODULES = YES;
				CLANG_ENABLE_OBJC_ARC = YES;
				CLANG_ENABLE_OBJC_WEAK = YES;
				CLANG_WARN_BLOCK_CAPTURE_AUTORELEASING = YES;
				CLANG_WARN_BOOL_CONVERSION = YES;
				CLANG_WARN_COMMA = YES;
				CLANG_WARN_CONSTANT_CONVERSION = YES;
				CLANG_WARN_DEPRECATED_OBJC_IMPLEMENTATIONS = YES;
				CLANG_WARN_DIRECT_OBJC_ISA_USAGE = YES_ERROR;
				CLANG_WARN_DOCUMENTATION_COMMENTS = YES;
				CLANG_WARN_EMPTY_BODY = YES;
				CLANG_WARN_ENUM_CONVERSION = YES;
				CLANG_WARN_INFINITE_RECURSION = YES;
				CLANG_WARN_INT_CONVERSION = YES;
				CLANG_WARN_NON_LITERAL_NULL_CONVERSION = YES;
				CLANG_WARN_OBJC_IMPLICIT_RETAIN_SELF = YES;
				CLANG_WARN_OBJC_LITERAL_CONVERSION = YES;
				CLANG_WARN_OBJC_ROOT_CLASS = YES_ERROR;
				CLANG_WARN_QUOTED_INCLUDE_IN_FRAMEWORK_HEADER = YES;
				CLANG_WARN_RANGE_LOOP_ANALYSIS = YES;
				CLANG_WARN_STRICT_PROTOTYPES = YES;
				CLANG_WARN_SUSPICIOUS_MOVE = YES;
				CLANG_WARN_UNGUARDED_AVAILABILITY = YES_AGGRESSIVE;
				CLANG_WARN_UNREACHABLE_CODE = YES;
				CLANG_WARN__DUPLICATE_METHOD_MATCH = YES;
				COPY_PHASE_STRIP = NO;
				DEBUG_INFORMATION_FORMAT = dwarf;
				ENABLE_STRICT_OBJC_MSGSEND = YES;
				ENABLE_TESTABILITY = YES;
				GCC_C_LANGUAGE_STANDARD = gnu11;
				GCC_DYNAMIC_NO_PIC = NO;
				GCC_NO_COMMON_BLOCKS = YES;
				GCC_OPTIMIZATION_LEVEL = 0;
				GCC_PREPROCESSOR_DEFINITIONS = (
					"DEBUG=1",
					"$(inherited)",
				);
				GCC_WARN_64_TO_32_BIT_CONVERSION = YES;
				GCC_WARN_ABOUT_RETURN_TYPE = YES_ERROR;
				GCC_WARN_UNDECLARED_SELECTOR = YES;
				GCC_WARN_UNINITIALIZED_AUTOS = YES_AGGRESSIVE;
				GCC_WARN_UNUSED_FUNCTION = YES;
				GCC_WARN_UNUSED_VARIABLE = YES;
				IPHONEOS_DEPLOYMENT_TARGET = 15.2;
				MTL_ENABLE_DEBUG_INFO = INCLUDE_SOURCE;
				MTL_FAST_MATH = YES;
				ONLY_ACTIVE_ARCH = YES;
				SDKROOT = iphoneos;
				SWIFT_ACTIVE_COMPILATION_CONDITIONS = DEBUG;
				SWIFT_OPTIMIZATION_LEVEL = "-Onone";
			};
			name = Debug;
		};
		224F33ED279E3EDC00E8E9CC /* Release */ = {
			isa = XCBuildConfiguration;
			buildSettings = {
				ALWAYS_SEARCH_USER_PATHS = NO;
				CLANG_ANALYZER_NONNULL = YES;
				CLANG_ANALYZER_NUMBER_OBJECT_CONVERSION = YES_AGGRESSIVE;
				CLANG_CXX_LANGUAGE_STANDARD = "gnu++17";
				CLANG_CXX_LIBRARY = "libc++";
				CLANG_ENABLE_MODULES = YES;
				CLANG_ENABLE_OBJC_ARC = YES;
				CLANG_ENABLE_OBJC_WEAK = YES;
				CLANG_WARN_BLOCK_CAPTURE_AUTORELEASING = YES;
				CLANG_WARN_BOOL_CONVERSION = YES;
				CLANG_WARN_COMMA = YES;
				CLANG_WARN_CONSTANT_CONVERSION = YES;
				CLANG_WARN_DEPRECATED_OBJC_IMPLEMENTATIONS = YES;
				CLANG_WARN_DIRECT_OBJC_ISA_USAGE = YES_ERROR;
				CLANG_WARN_DOCUMENTATION_COMMENTS = YES;
				CLANG_WARN_EMPTY_BODY = YES;
				CLANG_WARN_ENUM_CONVERSION = YES;
				CLANG_WARN_INFINITE_RECURSION = YES;
				CLANG_WARN_INT_CONVERSION = YES;
				CLANG_WARN_NON_LITERAL_NULL_CONVERSION = YES;
				CLANG_WARN_OBJC_IMPLICIT_RETAIN_SELF = YES;
				CLANG_WARN_OBJC_LITERAL_CONVERSION = YES;
				CLANG_WARN_OBJC_ROOT_CLASS = YES_ERROR;
				CLANG_WARN_QUOTED_INCLUDE_IN_FRAMEWORK_HEADER = YES;
				CLANG_WARN_RANGE_LOOP_ANALYSIS = YES;
				CLANG_WARN_STRICT_PROTOTYPES = YES;
				CLANG_WARN_SUSPICIOUS_MOVE = YES;
				CLANG_WARN_UNGUARDED_AVAILABILITY = YES_AGGRESSIVE;
				CLANG_WARN_UNREACHABLE_CODE = YES;
				CLANG_WARN__DUPLICATE_METHOD_MATCH = YES;
				COPY_PHASE_STRIP = NO;
				DEBUG_INFORMATION_FORMAT = "dwarf-with-dsym";
				ENABLE_NS_ASSERTIONS = NO;
				ENABLE_STRICT_OBJC_MSGSEND = YES;
				GCC_C_LANGUAGE_STANDARD = gnu11;
				GCC_NO_COMMON_BLOCKS = YES;
				GCC_WARN_64_TO_32_BIT_CONVERSION = YES;
				GCC_WARN_ABOUT_RETURN_TYPE = YES_ERROR;
				GCC_WARN_UNDECLARED_SELECTOR = YES;
				GCC_WARN_UNINITIALIZED_AUTOS = YES_AGGRESSIVE;
				GCC_WARN_UNUSED_FUNCTION = YES;
				GCC_WARN_UNUSED_VARIABLE = YES;
				IPHONEOS_DEPLOYMENT_TARGET = 15.2;
				MTL_ENABLE_DEBUG_INFO = NO;
				MTL_FAST_MATH = YES;
				SDKROOT = iphoneos;
				SWIFT_COMPILATION_MODE = wholemodule;
				SWIFT_OPTIMIZATION_LEVEL = "-O";
				VALIDATE_PRODUCT = YES;
			};
			name = Release;
		};
		224F33EF279E3EDC00E8E9CC /* Debug */ = {
			isa = XCBuildConfiguration;
			buildSettings = {
				ASSETCATALOG_COMPILER_APPICON_NAME = AppIcon;
				ASSETCATALOG_COMPILER_GLOBAL_ACCENT_COLOR_NAME = AccentColor;
				CODE_SIGN_STYLE = Automatic;
				CURRENT_PROJECT_VERSION = 1;
				DEVELOPMENT_TEAM = A8F7U6DN75;
				GENERATE_INFOPLIST_FILE = YES;
				INFOPLIST_FILE = TableViewWithMultipleSelection/Info.plist;
				INFOPLIST_KEY_UIApplicationSupportsIndirectInputEvents = YES;
				INFOPLIST_KEY_UILaunchStoryboardName = LaunchScreen;
				INFOPLIST_KEY_UIMainStoryboardFile = Main;
				INFOPLIST_KEY_UISupportedInterfaceOrientations_iPad = "UIInterfaceOrientationPortrait UIInterfaceOrientationPortraitUpsideDown UIInterfaceOrientationLandscapeLeft UIInterfaceOrientationLandscapeRight";
				INFOPLIST_KEY_UISupportedInterfaceOrientations_iPhone = "UIInterfaceOrientationPortrait UIInterfaceOrientationLandscapeLeft UIInterfaceOrientationLandscapeRight";
				LD_RUNPATH_SEARCH_PATHS = (
					"$(inherited)",
					"@executable_path/Frameworks",
				);
				MARKETING_VERSION = 1.0;
				PRODUCT_BUNDLE_IDENTIFIER = com.haidian.TableViewWithMultipleSelection;
				PRODUCT_NAME = "$(TARGET_NAME)";
				SWIFT_EMIT_LOC_STRINGS = YES;
				SWIFT_VERSION = 5.0;
				TARGETED_DEVICE_FAMILY = "1,2";
			};
			name = Debug;
		};
		224F33F0279E3EDC00E8E9CC /* Release */ = {
			isa = XCBuildConfiguration;
			buildSettings = {
				ASSETCATALOG_COMPILER_APPICON_NAME = AppIcon;
				ASSETCATALOG_COMPILER_GLOBAL_ACCENT_COLOR_NAME = AccentColor;
				CODE_SIGN_STYLE = Automatic;
				CURRENT_PROJECT_VERSION = 1;
				DEVELOPMENT_TEAM = A8F7U6DN75;
				GENERATE_INFOPLIST_FILE = YES;
				INFOPLIST_FILE = TableViewWithMultipleSelection/Info.plist;
				INFOPLIST_KEY_UIApplicationSupportsIndirectInputEvents = YES;
				INFOPLIST_KEY_UILaunchStoryboardName = LaunchScreen;
				INFOPLIST_KEY_UIMainStoryboardFile = Main;
				INFOPLIST_KEY_UISupportedInterfaceOrientations_iPad = "UIInterfaceOrientationPortrait UIInterfaceOrientationPortraitUpsideDown UIInterfaceOrientationLandscapeLeft UIInterfaceOrientationLandscapeRight";
				INFOPLIST_KEY_UISupportedInterfaceOrientations_iPhone = "UIInterfaceOrientationPortrait UIInterfaceOrientationLandscapeLeft UIInterfaceOrientationLandscapeRight";
				LD_RUNPATH_SEARCH_PATHS = (
					"$(inherited)",
					"@executable_path/Frameworks",
				);
				MARKETING_VERSION = 1.0;
				PRODUCT_BUNDLE_IDENTIFIER = com.haidian.TableViewWithMultipleSelection;
				PRODUCT_NAME = "$(TARGET_NAME)";
				SWIFT_EMIT_LOC_STRINGS = YES;
				SWIFT_VERSION = 5.0;
				TARGETED_DEVICE_FAMILY = "1,2";
			};
			name = Release;
		};
/* End XCBuildConfiguration section */

/* Begin XCConfigurationList section */
		224F33D5279E3EDA00E8E9CC /* Build configuration list for PBXProject "TableViewWithMultipleSelection" */ = {
			isa = XCConfigurationList;
			buildConfigurations = (
				224F33EC279E3EDC00E8E9CC /* Debug */,
				224F33ED279E3EDC00E8E9CC /* Release */,
			);
			defaultConfigurationIsVisible = 0;
			defaultConfigurationName = Release;
		};
		224F33EE279E3EDC00E8E9CC /* Build configuration list for PBXNativeTarget "TableViewWithMultipleSelection" */ = {
			isa = XCConfigurationList;
			buildConfigurations = (
				224F33EF279E3EDC00E8E9CC /* Debug */,
				224F33F0279E3EDC00E8E9CC /* Release */,
			);
			defaultConfigurationIsVisible = 0;
			defaultConfigurationName = Release;
		};
/* End XCConfigurationList section */
	};
	rootObject = 224F33D2279E3EDA00E8E9CC /* Project object */;
}
