// !$*UTF8*$!
{
	archiveVersion = 1;
	classes = {
	};
	objectVersion = 50;
	objects = {

/* Begin PBXBuildFile section */
		FD53168A249E624700DD7A44 /* Localizable.strings in Resources */ = {isa = PBXBuildFile; fileRef = FD53168C249E624700DD7A44 /* Localizable.strings */; };
		FDBA52F5249AE70700B14FDF /* MapViewController.swift in Sources */ = {isa = PBXBuildFile; fileRef = FDBA52F4249AE70700B14FDF /* MapViewController.swift */; };
		FDBC3D1F2499BBBB0071D0F7 /* AppDelegate.swift in Sources */ = {isa = PBXBuildFile; fileRef = FDBC3D1E2499BBBB0071D0F7 /* AppDelegate.swift */; };
		FDBC3D212499BBBB0071D0F7 /* SceneDelegate.swift in Sources */ = {isa = PBXBuildFile; fileRef = FDBC3D202499BBBB0071D0F7 /* SceneDelegate.swift */; };
		FDBC3D232499BBBB0071D0F7 /* ConversionViewController.swift in Sources */ = {isa = PBXBuildFile; fileRef = FDBC3D222499BBBB0071D0F7 /* ConversionViewController.swift */; };
		FDBC3D262499BBBB0071D0F7 /* Main.storyboard in Resources */ = {isa = PBXBuildFile; fileRef = FDBC3D242499BBBB0071D0F7 /* Main.storyboard */; };
		FDBC3D282499BBBD0071D0F7 /* Assets.xcassets in Resources */ = {isa = PBXBuildFile; fileRef = FDBC3D272499BBBD0071D0F7 /* Assets.xcassets */; };
		FDBC3D2B2499BBBD0071D0F7 /* LaunchScreen.storyboard in Resources */ = {isa = PBXBuildFile; fileRef = FDBC3D292499BBBD0071D0F7 /* LaunchScreen.storyboard */; };
		FDBC3D362499BBBD0071D0F7 /* WorldTrotterTests.swift in Sources */ = {isa = PBXBuildFile; fileRef = FDBC3D352499BBBD0071D0F7 /* WorldTrotterTests.swift */; };
		FDBC3D412499BBBD0071D0F7 /* WorldTrotterUITests.swift in Sources */ = {isa = PBXBuildFile; fileRef = FDBC3D402499BBBD0071D0F7 /* WorldTrotterUITests.swift */; };
/* End PBXBuildFile section */

/* Begin PBXContainerItemProxy section */
		FDBC3D322499BBBD0071D0F7 /* PBXContainerItemProxy */ = {
			isa = PBXContainerItemProxy;
			containerPortal = FDBC3D132499BBBB0071D0F7 /* Project object */;
			proxyType = 1;
			remoteGlobalIDString = FDBC3D1A2499BBBB0071D0F7;
			remoteInfo = WorldTrotter;
		};
		FDBC3D3D2499BBBD0071D0F7 /* PBXContainerItemProxy */ = {
			isa = PBXContainerItemProxy;
			containerPortal = FDBC3D132499BBBB0071D0F7 /* Project object */;
			proxyType = 1;
			remoteGlobalIDString = FDBC3D1A2499BBBB0071D0F7;
			remoteInfo = WorldTrotter;
		};
/* End PBXContainerItemProxy section */

/* Begin PBXFileReference section */
		FD43557A249E68B0002285CA /* es-MX */ = {isa = PBXFileReference; lastKnownFileType = text.plist.strings; name = "es-MX"; path = "es-MX.lproj/Main.strings"; sourceTree = "<group>"; };
		FD43557B249E6913002285CA /* es-MX */ = {isa = PBXFileReference; lastKnownFileType = text.plist.strings; name = "es-MX"; path = "es-MX.lproj/Localizable.strings"; sourceTree = "<group>"; };
		FD531686249E4EA500DD7A44 /* en */ = {isa = PBXFileReference; lastKnownFileType = text.plist.strings; name = en; path = en.lproj/Main.strings; sourceTree = "<group>"; };
		FD531687249E4F7C00DD7A44 /* es */ = {isa = PBXFileReference; lastKnownFileType = text.plist.strings; name = es; path = es.lproj/Main.strings; sourceTree = "<group>"; };
		FD53168B249E624700DD7A44 /* es */ = {isa = PBXFileReference; lastKnownFileType = text.plist.strings; name = es; path = es.lproj/Localizable.strings; sourceTree = "<group>"; };
		FD53168D249E627900DD7A44 /* en */ = {isa = PBXFileReference; lastKnownFileType = text.plist.strings; name = en; path = en.lproj/Localizable.strings; sourceTree = "<group>"; };
		FDBA52F4249AE70700B14FDF /* MapViewController.swift */ = {isa = PBXFileReference; lastKnownFileType = sourcecode.swift; path = MapViewController.swift; sourceTree = "<group>"; };
		FDBC3D1B2499BBBB0071D0F7 /* WorldTrotter.app */ = {isa = PBXFileReference; explicitFileType = wrapper.application; includeInIndex = 0; path = WorldTrotter.app; sourceTree = BUILT_PRODUCTS_DIR; };
		FDBC3D1E2499BBBB0071D0F7 /* AppDelegate.swift */ = {isa = PBXFileReference; lastKnownFileType = sourcecode.swift; path = AppDelegate.swift; sourceTree = "<group>"; };
		FDBC3D202499BBBB0071D0F7 /* SceneDelegate.swift */ = {isa = PBXFileReference; lastKnownFileType = sourcecode.swift; path = SceneDelegate.swift; sourceTree = "<group>"; };
		FDBC3D222499BBBB0071D0F7 /* ConversionViewController.swift */ = {isa = PBXFileReference; lastKnownFileType = sourcecode.swift; path = ConversionViewController.swift; sourceTree = "<group>"; };
		FDBC3D252499BBBB0071D0F7 /* Base */ = {isa = PBXFileReference; lastKnownFileType = file.storyboard; name = Base; path = Base.lproj/Main.storyboard; sourceTree = "<group>"; };
		FDBC3D272499BBBD0071D0F7 /* Assets.xcassets */ = {isa = PBXFileReference; lastKnownFileType = folder.assetcatalog; path = Assets.xcassets; sourceTree = "<group>"; };
		FDBC3D2A2499BBBD0071D0F7 /* Base */ = {isa = PBXFileReference; lastKnownFileType = file.storyboard; name = Base; path = Base.lproj/LaunchScreen.storyboard; sourceTree = "<group>"; };
		FDBC3D2C2499BBBD0071D0F7 /* Info.plist */ = {isa = PBXFileReference; lastKnownFileType = text.plist.xml; path = Info.plist; sourceTree = "<group>"; };
		FDBC3D312499BBBD0071D0F7 /* WorldTrotterTests.xctest */ = {isa = PBXFileReference; explicitFileType = wrapper.cfbundle; includeInIndex = 0; path = WorldTrotterTests.xctest; sourceTree = BUILT_PRODUCTS_DIR; };
		FDBC3D352499BBBD0071D0F7 /* WorldTrotterTests.swift */ = {isa = PBXFileReference; lastKnownFileType = sourcecode.swift; path = WorldTrotterTests.swift; sourceTree = "<group>"; };
		FDBC3D372499BBBD0071D0F7 /* Info.plist */ = {isa = PBXFileReference; lastKnownFileType = text.plist.xml; path = Info.plist; sourceTree = "<group>"; };
		FDBC3D3C2499BBBD0071D0F7 /* WorldTrotterUITests.xctest */ = {isa = PBXFileReference; explicitFileType = wrapper.cfbundle; includeInIndex = 0; path = WorldTrotterUITests.xctest; sourceTree = BUILT_PRODUCTS_DIR; };
		FDBC3D402499BBBD0071D0F7 /* WorldTrotterUITests.swift */ = {isa = PBXFileReference; lastKnownFileType = sourcecode.swift; path = WorldTrotterUITests.swift; sourceTree = "<group>"; };
		FDBC3D422499BBBD0071D0F7 /* Info.plist */ = {isa = PBXFileReference; lastKnownFileType = text.plist.xml; path = Info.plist; sourceTree = "<group>"; };
/* End PBXFileReference section */

/* Begin PBXFrameworksBuildPhase section */
		FDBC3D182499BBBB0071D0F7 /* Frameworks */ = {
			isa = PBXFrameworksBuildPhase;
			buildActionMask = 2147483647;
			files = (
			);
			runOnlyForDeploymentPostprocessing = 0;
		};
		FDBC3D2E2499BBBD0071D0F7 /* Frameworks */ = {
			isa = PBXFrameworksBuildPhase;
			buildActionMask = 2147483647;
			files = (
			);
			runOnlyForDeploymentPostprocessing = 0;
		};
		FDBC3D392499BBBD0071D0F7 /* Frameworks */ = {
			isa = PBXFrameworksBuildPhase;
			buildActionMask = 2147483647;
			files = (
			);
			runOnlyForDeploymentPostprocessing = 0;
		};
/* End PBXFrameworksBuildPhase section */

/* Begin PBXGroup section */
		FDBC3D122499BBBB0071D0F7 = {
			isa = PBXGroup;
			children = (
				FDBC3D1D2499BBBB0071D0F7 /* WorldTrotter */,
				FDBC3D342499BBBD0071D0F7 /* WorldTrotterTests */,
				FDBC3D3F2499BBBD0071D0F7 /* WorldTrotterUITests */,
				FDBC3D1C2499BBBB0071D0F7 /* Products */,
			);
			sourceTree = "<group>";
		};
		FDBC3D1C2499BBBB0071D0F7 /* Products */ = {
			isa = PBXGroup;
			children = (
				FDBC3D1B2499BBBB0071D0F7 /* WorldTrotter.app */,
				FDBC3D312499BBBD0071D0F7 /* WorldTrotterTests.xctest */,
				FDBC3D3C2499BBBD0071D0F7 /* WorldTrotterUITests.xctest */,
			);
			name = Products;
			sourceTree = "<group>";
		};
		FDBC3D1D2499BBBB0071D0F7 /* WorldTrotter */ = {
			isa = PBXGroup;
			children = (
				FDBC3D1E2499BBBB0071D0F7 /* AppDelegate.swift */,
				FDBC3D202499BBBB0071D0F7 /* SceneDelegate.swift */,
				FDBC3D222499BBBB0071D0F7 /* ConversionViewController.swift */,
				FDBA52F4249AE70700B14FDF /* MapViewController.swift */,
				FD53168C249E624700DD7A44 /* Localizable.strings */,
				FDBC3D242499BBBB0071D0F7 /* Main.storyboard */,
				FDBC3D272499BBBD0071D0F7 /* Assets.xcassets */,
				FDBC3D292499BBBD0071D0F7 /* LaunchScreen.storyboard */,
				FDBC3D2C2499BBBD0071D0F7 /* Info.plist */,
			);
			path = WorldTrotter;
			sourceTree = "<group>";
		};
		FDBC3D342499BBBD0071D0F7 /* WorldTrotterTests */ = {
			isa = PBXGroup;
			children = (
				FDBC3D352499BBBD0071D0F7 /* WorldTrotterTests.swift */,
				FDBC3D372499BBBD0071D0F7 /* Info.plist */,
			);
			path = WorldTrotterTests;
			sourceTree = "<group>";
		};
		FDBC3D3F2499BBBD0071D0F7 /* WorldTrotterUITests */ = {
			isa = PBXGroup;
			children = (
				FDBC3D402499BBBD0071D0F7 /* WorldTrotterUITests.swift */,
				FDBC3D422499BBBD0071D0F7 /* Info.plist */,
			);
			path = WorldTrotterUITests;
			sourceTree = "<group>";
		};
/* End PBXGroup section */

/* Begin PBXNativeTarget section */
		FDBC3D1A2499BBBB0071D0F7 /* WorldTrotter */ = {
			isa = PBXNativeTarget;
			buildConfigurationList = FDBC3D452499BBBD0071D0F7 /* Build configuration list for PBXNativeTarget "WorldTrotter" */;
			buildPhases = (
				FDBC3D172499BBBB0071D0F7 /* Sources */,
				FDBC3D182499BBBB0071D0F7 /* Frameworks */,
				FDBC3D192499BBBB0071D0F7 /* Resources */,
			);
			buildRules = (
			);
			dependencies = (
			);
			name = WorldTrotter;
			productName = WorldTrotter;
			productReference = FDBC3D1B2499BBBB0071D0F7 /* WorldTrotter.app */;
			productType = "com.apple.product-type.application";
		};
		FDBC3D302499BBBD0071D0F7 /* WorldTrotterTests */ = {
			isa = PBXNativeTarget;
			buildConfigurationList = FDBC3D482499BBBD0071D0F7 /* Build configuration list for PBXNativeTarget "WorldTrotterTests" */;
			buildPhases = (
				FDBC3D2D2499BBBD0071D0F7 /* Sources */,
				FDBC3D2E2499BBBD0071D0F7 /* Frameworks */,
				FDBC3D2F2499BBBD0071D0F7 /* Resources */,
			);
			buildRules = (
			);
			dependencies = (
				FDBC3D332499BBBD0071D0F7 /* PBXTargetDependency */,
			);
			name = WorldTrotterTests;
			productName = WorldTrotterTests;
			productReference = FDBC3D312499BBBD0071D0F7 /* WorldTrotterTests.xctest */;
			productType = "com.apple.product-type.bundle.unit-test";
		};
		FDBC3D3B2499BBBD0071D0F7 /* WorldTrotterUITests */ = {
			isa = PBXNativeTarget;
			buildConfigurationList = FDBC3D4B2499BBBD0071D0F7 /* Build configuration list for PBXNativeTarget "WorldTrotterUITests" */;
			buildPhases = (
				FDBC3D382499BBBD0071D0F7 /* Sources */,
				FDBC3D392499BBBD0071D0F7 /* Frameworks */,
				FDBC3D3A2499BBBD0071D0F7 /* Resources */,
			);
			buildRules = (
			);
			dependencies = (
				FDBC3D3E2499BBBD0071D0F7 /* PBXTargetDependency */,
			);
			name = WorldTrotterUITests;
			productName = WorldTrotterUITests;
			productReference = FDBC3D3C2499BBBD0071D0F7 /* WorldTrotterUITests.xctest */;
			productType = "com.apple.product-type.bundle.ui-testing";
		};
/* End PBXNativeTarget section */

/* Begin PBXProject section */
		FDBC3D132499BBBB0071D0F7 /* Project object */ = {
			isa = PBXProject;
			attributes = {
				LastSwiftUpdateCheck = 1150;
				LastUpgradeCheck = 1150;
				ORGANIZATIONNAME = "José Carlos García";
				TargetAttributes = {
					FDBC3D1A2499BBBB0071D0F7 = {
						CreatedOnToolsVersion = 11.5;
					};
					FDBC3D302499BBBD0071D0F7 = {
						CreatedOnToolsVersion = 11.5;
						TestTargetID = FDBC3D1A2499BBBB0071D0F7;
					};
					FDBC3D3B2499BBBD0071D0F7 = {
						CreatedOnToolsVersion = 11.5;
						TestTargetID = FDBC3D1A2499BBBB0071D0F7;
					};
				};
			};
			buildConfigurationList = FDBC3D162499BBBB0071D0F7 /* Build configuration list for PBXProject "WorldTrotter" */;
			compatibilityVersion = "Xcode 9.3";
			developmentRegion = en;
			hasScannedForEncodings = 0;
			knownRegions = (
				en,
				Base,
				es,
				"es-MX",
			);
			mainGroup = FDBC3D122499BBBB0071D0F7;
			productRefGroup = FDBC3D1C2499BBBB0071D0F7 /* Products */;
			projectDirPath = "";
			projectRoot = "";
			targets = (
				FDBC3D1A2499BBBB0071D0F7 /* WorldTrotter */,
				FDBC3D302499BBBD0071D0F7 /* WorldTrotterTests */,
				FDBC3D3B2499BBBD0071D0F7 /* WorldTrotterUITests */,
			);
		};
/* End PBXProject section */

/* Begin PBXResourcesBuildPhase section */
		FDBC3D192499BBBB0071D0F7 /* Resources */ = {
			isa = PBXResourcesBuildPhase;
			buildActionMask = 2147483647;
			files = (
				FDBC3D2B2499BBBD0071D0F7 /* LaunchScreen.storyboard in Resources */,
				FD53168A249E624700DD7A44 /* Localizable.strings in Resources */,
				FDBC3D282499BBBD0071D0F7 /* Assets.xcassets in Resources */,
				FDBC3D262499BBBB0071D0F7 /* Main.storyboard in Resources */,
			);
			runOnlyForDeploymentPostprocessing = 0;
		};
		FDBC3D2F2499BBBD0071D0F7 /* Resources */ = {
			isa = PBXResourcesBuildPhase;
			buildActionMask = 2147483647;
			files = (
			);
			runOnlyForDeploymentPostprocessing = 0;
		};
		FDBC3D3A2499BBBD0071D0F7 /* Resources */ = {
			isa = PBXResourcesBuildPhase;
			buildActionMask = 2147483647;
			files = (
			);
			runOnlyForDeploymentPostprocessing = 0;
		};
/* End PBXResourcesBuildPhase section */

/* Begin PBXSourcesBuildPhase section */
		FDBC3D172499BBBB0071D0F7 /* Sources */ = {
			isa = PBXSourcesBuildPhase;
			buildActionMask = 2147483647;
			files = (
				FDBC3D232499BBBB0071D0F7 /* ConversionViewController.swift in Sources */,
				FDBA52F5249AE70700B14FDF /* MapViewController.swift in Sources */,
				FDBC3D1F2499BBBB0071D0F7 /* AppDelegate.swift in Sources */,
				FDBC3D212499BBBB0071D0F7 /* SceneDelegate.swift in Sources */,
			);
			runOnlyForDeploymentPostprocessing = 0;
		};
		FDBC3D2D2499BBBD0071D0F7 /* Sources */ = {
			isa = PBXSourcesBuildPhase;
			buildActionMask = 2147483647;
			files = (
				FDBC3D362499BBBD0071D0F7 /* WorldTrotterTests.swift in Sources */,
			);
			runOnlyForDeploymentPostprocessing = 0;
		};
		FDBC3D382499BBBD0071D0F7 /* Sources */ = {
			isa = PBXSourcesBuildPhase;
			buildActionMask = 2147483647;
			files = (
				FDBC3D412499BBBD0071D0F7 /* WorldTrotterUITests.swift in Sources */,
			);
			runOnlyForDeploymentPostprocessing = 0;
		};
/* End PBXSourcesBuildPhase section */

/* Begin PBXTargetDependency section */
		FDBC3D332499BBBD0071D0F7 /* PBXTargetDependency */ = {
			isa = PBXTargetDependency;
			target = FDBC3D1A2499BBBB0071D0F7 /* WorldTrotter */;
			targetProxy = FDBC3D322499BBBD0071D0F7 /* PBXContainerItemProxy */;
		};
		FDBC3D3E2499BBBD0071D0F7 /* PBXTargetDependency */ = {
			isa = PBXTargetDependency;
			target = FDBC3D1A2499BBBB0071D0F7 /* WorldTrotter */;
			targetProxy = FDBC3D3D2499BBBD0071D0F7 /* PBXContainerItemProxy */;
		};
/* End PBXTargetDependency section */

/* Begin PBXVariantGroup section */
		FD53168C249E624700DD7A44 /* Localizable.strings */ = {
			isa = PBXVariantGroup;
			children = (
				FD53168B249E624700DD7A44 /* es */,
				FD53168D249E627900DD7A44 /* en */,
				FD43557B249E6913002285CA /* es-MX */,
			);
			name = Localizable.strings;
			sourceTree = "<group>";
		};
		FDBC3D242499BBBB0071D0F7 /* Main.storyboard */ = {
			isa = PBXVariantGroup;
			children = (
				FDBC3D252499BBBB0071D0F7 /* Base */,
				FD531686249E4EA500DD7A44 /* en */,
				FD531687249E4F7C00DD7A44 /* es */,
				FD43557A249E68B0002285CA /* es-MX */,
			);
			name = Main.storyboard;
			sourceTree = "<group>";
		};
		FDBC3D292499BBBD0071D0F7 /* LaunchScreen.storyboard */ = {
			isa = PBXVariantGroup;
			children = (
				FDBC3D2A2499BBBD0071D0F7 /* Base */,
			);
			name = LaunchScreen.storyboard;
			sourceTree = "<group>";
		};
/* End PBXVariantGroup section */

/* Begin XCBuildConfiguration section */
		FDBC3D432499BBBD0071D0F7 /* Debug */ = {
			isa = XCBuildConfiguration;
			buildSettings = {
				ALWAYS_SEARCH_USER_PATHS = NO;
				CLANG_ANALYZER_LOCALIZABILITY_NONLOCALIZED = YES;
				CLANG_ANALYZER_NONNULL = YES;
				CLANG_ANALYZER_NUMBER_OBJECT_CONVERSION = YES_AGGRESSIVE;
				CLANG_CXX_LANGUAGE_STANDARD = "gnu++14";
				CLANG_CXX_LIBRARY = "libc++";
				CLANG_ENABLE_MODULES = YES;
				CLANG_ENABLE_OBJC_ARC = YES;
				CLANG_ENABLE_OBJC_WEAK = YES;
				CLANG_WARN_BLOCK_CAPTURE_AUTORELEASING = YES;
				CLANG_WARN_BOOL_CONVERSION = YES;
				CLANG_WARN_COMMA = YES;
				CLANG_WARN_CONSTANT_CONVERSION = YES;
				CLANG_WARN_DEPRECATED_OBJC_IMPLEMENTATIONS = YES;
				CLANG_WARN_DIRECT_OBJC_ISA_USAGE = YES_ERROR;
				CLANG_WARN_DOCUMENTATION_COMMENTS = YES;
				CLANG_WARN_EMPTY_BODY = YES;
				CLANG_WARN_ENUM_CONVERSION = YES;
				CLANG_WARN_INFINITE_RECURSION = YES;
				CLANG_WARN_INT_CONVERSION = YES;
				CLANG_WARN_NON_LITERAL_NULL_CONVERSION = YES;
				CLANG_WARN_OBJC_IMPLICIT_RETAIN_SELF = YES;
				CLANG_WARN_OBJC_LITERAL_CONVERSION = YES;
				CLANG_WARN_OBJC_ROOT_CLASS = YES_ERROR;
				CLANG_WARN_RANGE_LOOP_ANALYSIS = YES;
				CLANG_WARN_STRICT_PROTOTYPES = YES;
				CLANG_WARN_SUSPICIOUS_MOVE = YES;
				CLANG_WARN_UNGUARDED_AVAILABILITY = YES_AGGRESSIVE;
				CLANG_WARN_UNREACHABLE_CODE = YES;
				CLANG_WARN__DUPLICATE_METHOD_MATCH = YES;
				COPY_PHASE_STRIP = NO;
				DEBUG_INFORMATION_FORMAT = dwarf;
				ENABLE_STRICT_OBJC_MSGSEND = YES;
				ENABLE_TESTABILITY = YES;
				GCC_C_LANGUAGE_STANDARD = gnu11;
				GCC_DYNAMIC_NO_PIC = NO;
				GCC_NO_COMMON_BLOCKS = YES;
				GCC_OPTIMIZATION_LEVEL = 0;
				GCC_PREPROCESSOR_DEFINITIONS = (
					"DEBUG=1",
					"$(inherited)",
				);
				GCC_WARN_64_TO_32_BIT_CONVERSION = YES;
				GCC_WARN_ABOUT_RETURN_TYPE = YES_ERROR;
				GCC_WARN_UNDECLARED_SELECTOR = YES;
				GCC_WARN_UNINITIALIZED_AUTOS = YES_AGGRESSIVE;
				GCC_WARN_UNUSED_FUNCTION = YES;
				GCC_WARN_UNUSED_VARIABLE = YES;
				IPHONEOS_DEPLOYMENT_TARGET = 13.5;
				MTL_ENABLE_DEBUG_INFO = INCLUDE_SOURCE;
				MTL_FAST_MATH = YES;
				ONLY_ACTIVE_ARCH = YES;
				SDKROOT = iphoneos;
				SWIFT_ACTIVE_COMPILATION_CONDITIONS = DEBUG;
				SWIFT_OPTIMIZATION_LEVEL = "-Onone";
			};
			name = Debug;
		};
		FDBC3D442499BBBD0071D0F7 /* Release */ = {
			isa = XCBuildConfiguration;
			buildSettings = {
				ALWAYS_SEARCH_USER_PATHS = NO;
				CLANG_ANALYZER_LOCALIZABILITY_NONLOCALIZED = YES;
				CLANG_ANALYZER_NONNULL = YES;
				CLANG_ANALYZER_NUMBER_OBJECT_CONVERSION = YES_AGGRESSIVE;
				CLANG_CXX_LANGUAGE_STANDARD = "gnu++14";
				CLANG_CXX_LIBRARY = "libc++";
				CLANG_ENABLE_MODULES = YES;
				CLANG_ENABLE_OBJC_ARC = YES;
				CLANG_ENABLE_OBJC_WEAK = YES;
				CLANG_WARN_BLOCK_CAPTURE_AUTORELEASING = YES;
				CLANG_WARN_BOOL_CONVERSION = YES;
				CLANG_WARN_COMMA = YES;
				CLANG_WARN_CONSTANT_CONVERSION = YES;
				CLANG_WARN_DEPRECATED_OBJC_IMPLEMENTATIONS = YES;
				CLANG_WARN_DIRECT_OBJC_ISA_USAGE = YES_ERROR;
				CLANG_WARN_DOCUMENTATION_COMMENTS = YES;
				CLANG_WARN_EMPTY_BODY = YES;
				CLANG_WARN_ENUM_CONVERSION = YES;
				CLANG_WARN_INFINITE_RECURSION = YES;
				CLANG_WARN_INT_CONVERSION = YES;
				CLANG_WARN_NON_LITERAL_NULL_CONVERSION = YES;
				CLANG_WARN_OBJC_IMPLICIT_RETAIN_SELF = YES;
				CLANG_WARN_OBJC_LITERAL_CONVERSION = YES;
				CLANG_WARN_OBJC_ROOT_CLASS = YES_ERROR;
				CLANG_WARN_RANGE_LOOP_ANALYSIS = YES;
				CLANG_WARN_STRICT_PROTOTYPES = YES;
				CLANG_WARN_SUSPICIOUS_MOVE = YES;
				CLANG_WARN_UNGUARDED_AVAILABILITY = YES_AGGRESSIVE;
				CLANG_WARN_UNREACHABLE_CODE = YES;
				CLANG_WARN__DUPLICATE_METHOD_MATCH = YES;
				COPY_PHASE_STRIP = NO;
				DEBUG_INFORMATION_FORMAT = "dwarf-with-dsym";
				ENABLE_NS_ASSERTIONS = NO;
				ENABLE_STRICT_OBJC_MSGSEND = YES;
				GCC_C_LANGUAGE_STANDARD = gnu11;
				GCC_NO_COMMON_BLOCKS = YES;
				GCC_WARN_64_TO_32_BIT_CONVERSION = YES;
				GCC_WARN_ABOUT_RETURN_TYPE = YES_ERROR;
				GCC_WARN_UNDECLARED_SELECTOR = YES;
				GCC_WARN_UNINITIALIZED_AUTOS = YES_AGGRESSIVE;
				GCC_WARN_UNUSED_FUNCTION = YES;
				GCC_WARN_UNUSED_VARIABLE = YES;
				IPHONEOS_DEPLOYMENT_TARGET = 13.5;
				MTL_ENABLE_DEBUG_INFO = NO;
				MTL_FAST_MATH = YES;
				SDKROOT = iphoneos;
				SWIFT_COMPILATION_MODE = wholemodule;
				SWIFT_OPTIMIZATION_LEVEL = "-O";
				VALIDATE_PRODUCT = YES;
			};
			name = Release;
		};
		FDBC3D462499BBBD0071D0F7 /* Debug */ = {
			isa = XCBuildConfiguration;
			buildSettings = {
				ASSETCATALOG_COMPILER_APPICON_NAME = AppIcon;
				CODE_SIGN_STYLE = Automatic;
				DEVELOPMENT_TEAM = KCG8DP47FH;
				INFOPLIST_FILE = WorldTrotter/Info.plist;
				LD_RUNPATH_SEARCH_PATHS = (
					"$(inherited)",
					"@executable_path/Frameworks",
				);
				PRODUCT_BUNDLE_IDENTIFIER = com.wizekod.WorldTrotter;
				PRODUCT_NAME = "$(TARGET_NAME)";
				SWIFT_VERSION = 5.0;
				TARGETED_DEVICE_FAMILY = "1,2";
			};
			name = Debug;
		};
		FDBC3D472499BBBD0071D0F7 /* Release */ = {
			isa = XCBuildConfiguration;
			buildSettings = {
				ASSETCATALOG_COMPILER_APPICON_NAME = AppIcon;
				CODE_SIGN_STYLE = Automatic;
				DEVELOPMENT_TEAM = KCG8DP47FH;
				INFOPLIST_FILE = WorldTrotter/Info.plist;
				LD_RUNPATH_SEARCH_PATHS = (
					"$(inherited)",
					"@executable_path/Frameworks",
				);
				PRODUCT_BUNDLE_IDENTIFIER = com.wizekod.WorldTrotter;
				PRODUCT_NAME = "$(TARGET_NAME)";
				SWIFT_VERSION = 5.0;
				TARGETED_DEVICE_FAMILY = "1,2";
			};
			name = Release;
		};
		FDBC3D492499BBBD0071D0F7 /* Debug */ = {
			isa = XCBuildConfiguration;
			buildSettings = {
				ALWAYS_EMBED_SWIFT_STANDARD_LIBRARIES = YES;
				BUNDLE_LOADER = "$(TEST_HOST)";
				CODE_SIGN_STYLE = Automatic;
				DEVELOPMENT_TEAM = KCG8DP47FH;
				INFOPLIST_FILE = WorldTrotterTests/Info.plist;
				IPHONEOS_DEPLOYMENT_TARGET = 13.5;
				LD_RUNPATH_SEARCH_PATHS = (
					"$(inherited)",
					"@executable_path/Frameworks",
					"@loader_path/Frameworks",
				);
				PRODUCT_BUNDLE_IDENTIFIER = com.wizekod.WorldTrotterTests;
				PRODUCT_NAME = "$(TARGET_NAME)";
				SWIFT_VERSION = 5.0;
				TARGETED_DEVICE_FAMILY = "1,2";
				TEST_HOST = "$(BUILT_PRODUCTS_DIR)/WorldTrotter.app/WorldTrotter";
			};
			name = Debug;
		};
		FDBC3D4A2499BBBD0071D0F7 /* Release */ = {
			isa = XCBuildConfiguration;
			buildSettings = {
				ALWAYS_EMBED_SWIFT_STANDARD_LIBRARIES = YES;
				BUNDLE_LOADER = "$(TEST_HOST)";
				CODE_SIGN_STYLE = Automatic;
				DEVELOPMENT_TEAM = KCG8DP47FH;
				INFOPLIST_FILE = WorldTrotterTests/Info.plist;
				IPHONEOS_DEPLOYMENT_TARGET = 13.5;
				LD_RUNPATH_SEARCH_PATHS = (
					"$(inherited)",
					"@executable_path/Frameworks",
					"@loader_path/Frameworks",
				);
				PRODUCT_BUNDLE_IDENTIFIER = com.wizekod.WorldTrotterTests;
				PRODUCT_NAME = "$(TARGET_NAME)";
				SWIFT_VERSION = 5.0;
				TARGETED_DEVICE_FAMILY = "1,2";
				TEST_HOST = "$(BUILT_PRODUCTS_DIR)/WorldTrotter.app/WorldTrotter";
			};
			name = Release;
		};
		FDBC3D4C2499BBBD0071D0F7 /* Debug */ = {
			isa = XCBuildConfiguration;
			buildSettings = {
				ALWAYS_EMBED_SWIFT_STANDARD_LIBRARIES = YES;
				CODE_SIGN_STYLE = Automatic;
				DEVELOPMENT_TEAM = KCG8DP47FH;
				INFOPLIST_FILE = WorldTrotterUITests/Info.plist;
				LD_RUNPATH_SEARCH_PATHS = (
					"$(inherited)",
					"@executable_path/Frameworks",
					"@loader_path/Frameworks",
				);
				PRODUCT_BUNDLE_IDENTIFIER = com.wizekod.WorldTrotterUITests;
				PRODUCT_NAME = "$(TARGET_NAME)";
				SWIFT_VERSION = 5.0;
				TARGETED_DEVICE_FAMILY = "1,2";
				TEST_TARGET_NAME = WorldTrotter;
			};
			name = Debug;
		};
		FDBC3D4D2499BBBD0071D0F7 /* Release */ = {
			isa = XCBuildConfiguration;
			buildSettings = {
				ALWAYS_EMBED_SWIFT_STANDARD_LIBRARIES = YES;
				CODE_SIGN_STYLE = Automatic;
				DEVELOPMENT_TEAM = KCG8DP47FH;
				INFOPLIST_FILE = WorldTrotterUITests/Info.plist;
				LD_RUNPATH_SEARCH_PATHS = (
					"$(inherited)",
					"@executable_path/Frameworks",
					"@loader_path/Frameworks",
				);
				PRODUCT_BUNDLE_IDENTIFIER = com.wizekod.WorldTrotterUITests;
				PRODUCT_NAME = "$(TARGET_NAME)";
				SWIFT_VERSION = 5.0;
				TARGETED_DEVICE_FAMILY = "1,2";
				TEST_TARGET_NAME = WorldTrotter;
			};
			name = Release;
		};
/* End XCBuildConfiguration section */

/* Begin XCConfigurationList section */
		FDBC3D162499BBBB0071D0F7 /* Build configuration list for PBXProject "WorldTrotter" */ = {
			isa = XCConfigurationList;
			buildConfigurations = (
				FDBC3D432499BBBD0071D0F7 /* Debug */,
				FDBC3D442499BBBD0071D0F7 /* Release */,
			);
			defaultConfigurationIsVisible = 0;
			defaultConfigurationName = Release;
		};
		FDBC3D452499BBBD0071D0F7 /* Build configuration list for PBXNativeTarget "WorldTrotter" */ = {
			isa = XCConfigurationList;
			buildConfigurations = (
				FDBC3D462499BBBD0071D0F7 /* Debug */,
				FDBC3D472499BBBD0071D0F7 /* Release */,
			);
			defaultConfigurationIsVisible = 0;
			defaultConfigurationName = Release;
		};
		FDBC3D482499BBBD0071D0F7 /* Build configuration list for PBXNativeTarget "WorldTrotterTests" */ = {
			isa = XCConfigurationList;
			buildConfigurations = (
				FDBC3D492499BBBD0071D0F7 /* Debug */,
				FDBC3D4A2499BBBD0071D0F7 /* Release */,
			);
			defaultConfigurationIsVisible = 0;
			defaultConfigurationName = Release;
		};
		FDBC3D4B2499BBBD0071D0F7 /* Build configuration list for PBXNativeTarget "WorldTrotterUITests" */ = {
			isa = XCConfigurationList;
			buildConfigurations = (
				FDBC3D4C2499BBBD0071D0F7 /* Debug */,
				FDBC3D4D2499BBBD0071D0F7 /* Release */,
			);
			defaultConfigurationIsVisible = 0;
			defaultConfigurationName = Release;
		};
/* End XCConfigurationList section */
	};
	rootObject = FDBC3D132499BBBB0071D0F7 /* Project object */;
}
